version: 2.0
shards:
  admiral:
    git: https://github.com/jwaldrip/admiral.cr.git
    version: 1.12.1

  ameba:
    git: https://github.com/crystal-ameba/ameba.git
    version: 1.6.4

  baked_file_system:
    git: https://github.com/schovi/baked_file_system.git
    version: 0.14.1

  crystal-env:
    git: https://github.com/crystal-lang/crystal-env.git
    version: 0.1.0+git.commit.05a1d92cfbb11a75a0077323b9631a467b7a6b91

  spectator:
    git: https://gitlab.com/arctic-fox/spectator.git
    version: 0.12.4

  ssh2:
    git: https://github.com/spider-gazelle/ssh2.cr.git
    version: 1.8.0

